
Microsoft Visual Studio Solution File, Format Version 12.00
# Visual Studio Version 17
VisualStudioVersion = 17.9.34902.65
MinimumVisualStudioVersion = 10.0.40219.1
Project("{FAE04EC0-301F-11D3-BF4B-00C04F79EFBC}") = "Desafio-Vuelos", "Desafio-Vuelos\Desafio-Vuelos.csproj", "{3593C203-79AE-4507-8F61-9A5FF9E2AD3D}"
EndProject
Global
	GlobalSection(SolutionConfigurationPlatforms) = preSolution
		Debug|Any CPU = Debug|Any CPU
		Release|Any CPU = Release|Any CPU
	EndGlobalSection
	GlobalSection(ProjectConfigurationPlatforms) = postSolution
		{3593C203-79AE-4507-8F61-9A5FF9E2AD3D}.Debug|Any CPU.ActiveCfg = Debug|Any CPU
		{3593C203-79AE-4507-8F61-9A5FF9E2AD3D}.Debug|Any CPU.Build.0 = Debug|Any CPU
		{3593C203-79AE-4507-8F61-9A5FF9E2AD3D}.Release|Any CPU.ActiveCfg = Release|Any CPU
		{3593C203-79AE-4507-8F61-9A5FF9E2AD3D}.Release|Any CPU.Build.0 = Release|Any CPU
	EndGlobalSection
	GlobalSection(SolutionProperties) = preSolution
		HideSolutionNode = FALSE
	EndGlobalSection
	GlobalSection(ExtensibilityGlobals) = postSolution
		SolutionGuid = {5BCD76C0-7D3A-4DB1-BF19-2723FF4D201D}
	EndGlobalSection
EndGlobal
